
Microsoft Visual Studio Solution File, Format Version 12.00
# Visual Studio Version 17
VisualStudioVersion = 17.4.33205.214
MinimumVisualStudioVersion = 10.0.40219.1
Project("{FAE04EC0-301F-11D3-BF4B-00C04F79EFBC}") = "lr1.2", "lr1.2.csproj", "{7E11A15C-8707-4E65-9683-508354B2E1E8}"
EndProject
Global
	GlobalSection(SolutionConfigurationPlatforms) = preSolution
		Debug|Any CPU = Debug|Any CPU
		Release|Any CPU = Release|Any CPU
	EndGlobalSection
	GlobalSection(ProjectConfigurationPlatforms) = postSolution
		{7E11A15C-8707-4E65-9683-508354B2E1E8}.Debug|Any CPU.ActiveCfg = Debug|Any CPU
		{7E11A15C-8707-4E65-9683-508354B2E1E8}.Debug|Any CPU.Build.0 = Debug|Any CPU
		{7E11A15C-8707-4E65-9683-508354B2E1E8}.Release|Any CPU.ActiveCfg = Release|Any CPU
		{7E11A15C-8707-4E65-9683-508354B2E1E8}.Release|Any CPU.Build.0 = Release|Any CPU
	EndGlobalSection
	GlobalSection(SolutionProperties) = preSolution
		HideSolutionNode = FALSE
	EndGlobalSection
	GlobalSection(ExtensibilityGlobals) = postSolution
		SolutionGuid = {CCEA8A92-E714-438B-A016-71D2B6ADB07F}
	EndGlobalSection
EndGlobal
